
Microsoft Visual Studio Solution File, Format Version 12.00
# Visual Studio Version 17
VisualStudioVersion = 17.11.35327.3
MinimumVisualStudioVersion = 10.0.40219.1
Project("{FAE04EC0-301F-11D3-BF4B-00C04F79EFBC}") = "Git", "Git.csproj", "{C8680285-B49B-464C-97E8-0876743F996A}"
EndProject
Global
	GlobalSection(SolutionConfigurationPlatforms) = preSolution
		Debug|Any CPU = Debug|Any CPU
		Release|Any CPU = Release|Any CPU
	EndGlobalSection
	GlobalSection(ProjectConfigurationPlatforms) = postSolution
		{C8680285-B49B-464C-97E8-0876743F996A}.Debug|Any CPU.ActiveCfg = Debug|Any CPU
		{C8680285-B49B-464C-97E8-0876743F996A}.Debug|Any CPU.Build.0 = Debug|Any CPU
		{C8680285-B49B-464C-97E8-0876743F996A}.Release|Any CPU.ActiveCfg = Release|Any CPU
		{C8680285-B49B-464C-97E8-0876743F996A}.Release|Any CPU.Build.0 = Release|Any CPU
	EndGlobalSection
	GlobalSection(SolutionProperties) = preSolution
		HideSolutionNode = FALSE
	EndGlobalSection
	GlobalSection(ExtensibilityGlobals) = postSolution
		SolutionGuid = {72254327-84CC-4674-AC3C-13D0D28063B3}
	EndGlobalSection
EndGlobal
